// !$*UTF8*$!
{
	archiveVersion = 1;
	classes = {
	};
	objectVersion = 46;
	objects = {

/* Begin PBXBuildFile section */
		91CABCE91E5D0BAB00585BA0 /* AppDelegate.swift in Sources */ = {isa = PBXBuildFile; fileRef = 91CABCE81E5D0BAB00585BA0 /* AppDelegate.swift */; };
		91CABCEB1E5D0BAB00585BA0 /* ViewController.swift in Sources */ = {isa = PBXBuildFile; fileRef = 91CABCEA1E5D0BAB00585BA0 /* ViewController.swift */; };
		91CABCEE1E5D0BAB00585BA0 /* Main.storyboard in Resources */ = {isa = PBXBuildFile; fileRef = 91CABCEC1E5D0BAB00585BA0 /* Main.storyboard */; };
		91CABCF01E5D0BAB00585BA0 /* Assets.xcassets in Resources */ = {isa = PBXBuildFile; fileRef = 91CABCEF1E5D0BAB00585BA0 /* Assets.xcassets */; };
		91CABCF31E5D0BAB00585BA0 /* LaunchScreen.storyboard in Resources */ = {isa = PBXBuildFile; fileRef = 91CABCF11E5D0BAB00585BA0 /* LaunchScreen.storyboard */; };
		91CABCFE1E5D0BAB00585BA0 /* FlickrSearchTests.swift in Sources */ = {isa = PBXBuildFile; fileRef = 91CABCFD1E5D0BAB00585BA0 /* FlickrSearchTests.swift */; };
		91CABD091E5D0BAB00585BA0 /* FlickrSearchUITests.swift in Sources */ = {isa = PBXBuildFile; fileRef = 91CABD081E5D0BAB00585BA0 /* FlickrSearchUITests.swift */; };
/* End PBXBuildFile section */

/* Begin PBXContainerItemProxy section */
		91CABCFA1E5D0BAB00585BA0 /* PBXContainerItemProxy */ = {
			isa = PBXContainerItemProxy;
			containerPortal = 91CABCDD1E5D0BAB00585BA0 /* Project object */;
			proxyType = 1;
			remoteGlobalIDString = 91CABCE41E5D0BAB00585BA0;
			remoteInfo = FlickrSearch;
		};
		91CABD051E5D0BAB00585BA0 /* PBXContainerItemProxy */ = {
			isa = PBXContainerItemProxy;
			containerPortal = 91CABCDD1E5D0BAB00585BA0 /* Project object */;
			proxyType = 1;
			remoteGlobalIDString = 91CABCE41E5D0BAB00585BA0;
			remoteInfo = FlickrSearch;
		};
/* End PBXContainerItemProxy section */

/* Begin PBXFileReference section */
		91CABCE51E5D0BAB00585BA0 /* FlickrSearch.app */ = {isa = PBXFileReference; explicitFileType = wrapper.application; includeInIndex = 0; path = FlickrSearch.app; sourceTree = BUILT_PRODUCTS_DIR; };
		91CABCE81E5D0BAB00585BA0 /* AppDelegate.swift */ = {isa = PBXFileReference; lastKnownFileType = sourcecode.swift; path = AppDelegate.swift; sourceTree = "<group>"; };
		91CABCEA1E5D0BAB00585BA0 /* ViewController.swift */ = {isa = PBXFileReference; lastKnownFileType = sourcecode.swift; path = ViewController.swift; sourceTree = "<group>"; };
		91CABCED1E5D0BAB00585BA0 /* Base */ = {isa = PBXFileReference; lastKnownFileType = file.storyboard; name = Base; path = Base.lproj/Main.storyboard; sourceTree = "<group>"; };
		91CABCEF1E5D0BAB00585BA0 /* Assets.xcassets */ = {isa = PBXFileReference; lastKnownFileType = folder.assetcatalog; path = Assets.xcassets; sourceTree = "<group>"; };
		91CABCF21E5D0BAB00585BA0 /* Base */ = {isa = PBXFileReference; lastKnownFileType = file.storyboard; name = Base; path = Base.lproj/LaunchScreen.storyboard; sourceTree = "<group>"; };
		91CABCF41E5D0BAB00585BA0 /* Info.plist */ = {isa = PBXFileReference; lastKnownFileType = text.plist.xml; path = Info.plist; sourceTree = "<group>"; };
		91CABCF91E5D0BAB00585BA0 /* FlickrSearchTests.xctest */ = {isa = PBXFileReference; explicitFileType = wrapper.cfbundle; includeInIndex = 0; path = FlickrSearchTests.xctest; sourceTree = BUILT_PRODUCTS_DIR; };
		91CABCFD1E5D0BAB00585BA0 /* FlickrSearchTests.swift */ = {isa = PBXFileReference; lastKnownFileType = sourcecode.swift; path = FlickrSearchTests.swift; sourceTree = "<group>"; };
		91CABCFF1E5D0BAB00585BA0 /* Info.plist */ = {isa = PBXFileReference; lastKnownFileType = text.plist.xml; path = Info.plist; sourceTree = "<group>"; };
		91CABD041E5D0BAB00585BA0 /* FlickrSearchUITests.xctest */ = {isa = PBXFileReference; explicitFileType = wrapper.cfbundle; includeInIndex = 0; path = FlickrSearchUITests.xctest; sourceTree = BUILT_PRODUCTS_DIR; };
		91CABD081E5D0BAB00585BA0 /* FlickrSearchUITests.swift */ = {isa = PBXFileReference; lastKnownFileType = sourcecode.swift; path = FlickrSearchUITests.swift; sourceTree = "<group>"; };
		91CABD0A1E5D0BAB00585BA0 /* Info.plist */ = {isa = PBXFileReference; lastKnownFileType = text.plist.xml; path = Info.plist; sourceTree = "<group>"; };
/* End PBXFileReference section */

/* Begin PBXFrameworksBuildPhase section */
		91CABCE21E5D0BAB00585BA0 /* Frameworks */ = {
			isa = PBXFrameworksBuildPhase;
			buildActionMask = 2147483647;
			files = (
			);
			runOnlyForDeploymentPostprocessing = 0;
		};
		91CABCF61E5D0BAB00585BA0 /* Frameworks */ = {
			isa = PBXFrameworksBuildPhase;
			buildActionMask = 2147483647;
			files = (
			);
			runOnlyForDeploymentPostprocessing = 0;
		};
		91CABD011E5D0BAB00585BA0 /* Frameworks */ = {
			isa = PBXFrameworksBuildPhase;
			buildActionMask = 2147483647;
			files = (
			);
			runOnlyForDeploymentPostprocessing = 0;
		};
/* End PBXFrameworksBuildPhase section */

/* Begin PBXGroup section */
		91CABCDC1E5D0BAB00585BA0 = {
			isa = PBXGroup;
			children = (
				91CABCE71E5D0BAB00585BA0 /* FlickrSearch */,
				91CABCFC1E5D0BAB00585BA0 /* FlickrSearchTests */,
				91CABD071E5D0BAB00585BA0 /* FlickrSearchUITests */,
				91CABCE61E5D0BAB00585BA0 /* Products */,
			);
			sourceTree = "<group>";
		};
		91CABCE61E5D0BAB00585BA0 /* Products */ = {
			isa = PBXGroup;
			children = (
				91CABCE51E5D0BAB00585BA0 /* FlickrSearch.app */,
				91CABCF91E5D0BAB00585BA0 /* FlickrSearchTests.xctest */,
				91CABD041E5D0BAB00585BA0 /* FlickrSearchUITests.xctest */,
			);
			name = Products;
			sourceTree = "<group>";
		};
		91CABCE71E5D0BAB00585BA0 /* FlickrSearch */ = {
			isa = PBXGroup;
			children = (
				91CABCE81E5D0BAB00585BA0 /* AppDelegate.swift */,
				91CABCEA1E5D0BAB00585BA0 /* ViewController.swift */,
				91CABCEC1E5D0BAB00585BA0 /* Main.storyboard */,
				91CABCEF1E5D0BAB00585BA0 /* Assets.xcassets */,
				91CABCF11E5D0BAB00585BA0 /* LaunchScreen.storyboard */,
				91CABCF41E5D0BAB00585BA0 /* Info.plist */,
			);
			path = FlickrSearch;
			sourceTree = "<group>";
		};
		91CABCFC1E5D0BAB00585BA0 /* FlickrSearchTests */ = {
			isa = PBXGroup;
			children = (
				91CABCFD1E5D0BAB00585BA0 /* FlickrSearchTests.swift */,
				91CABCFF1E5D0BAB00585BA0 /* Info.plist */,
			);
			path = FlickrSearchTests;
			sourceTree = "<group>";
		};
		91CABD071E5D0BAB00585BA0 /* FlickrSearchUITests */ = {
			isa = PBXGroup;
			children = (
				91CABD081E5D0BAB00585BA0 /* FlickrSearchUITests.swift */,
				91CABD0A1E5D0BAB00585BA0 /* Info.plist */,
			);
			path = FlickrSearchUITests;
			sourceTree = "<group>";
		};
/* End PBXGroup section */

/* Begin PBXNativeTarget section */
		91CABCE41E5D0BAB00585BA0 /* FlickrSearch */ = {
			isa = PBXNativeTarget;
			buildConfigurationList = 91CABD0D1E5D0BAB00585BA0 /* Build configuration list for PBXNativeTarget "FlickrSearch" */;
			buildPhases = (
				91CABCE11E5D0BAB00585BA0 /* Sources */,
				91CABCE21E5D0BAB00585BA0 /* Frameworks */,
				91CABCE31E5D0BAB00585BA0 /* Resources */,
			);
			buildRules = (
			);
			dependencies = (
			);
			name = FlickrSearch;
			productName = FlickrSearch;
			productReference = 91CABCE51E5D0BAB00585BA0 /* FlickrSearch.app */;
			productType = "com.apple.product-type.application";
		};
		91CABCF81E5D0BAB00585BA0 /* FlickrSearchTests */ = {
			isa = PBXNativeTarget;
			buildConfigurationList = 91CABD101E5D0BAB00585BA0 /* Build configuration list for PBXNativeTarget "FlickrSearchTests" */;
			buildPhases = (
				91CABCF51E5D0BAB00585BA0 /* Sources */,
				91CABCF61E5D0BAB00585BA0 /* Frameworks */,
				91CABCF71E5D0BAB00585BA0 /* Resources */,
			);
			buildRules = (
			);
			dependencies = (
				91CABCFB1E5D0BAB00585BA0 /* PBXTargetDependency */,
			);
			name = FlickrSearchTests;
			productName = FlickrSearchTests;
			productReference = 91CABCF91E5D0BAB00585BA0 /* FlickrSearchTests.xctest */;
			productType = "com.apple.product-type.bundle.unit-test";
		};
		91CABD031E5D0BAB00585BA0 /* FlickrSearchUITests */ = {
			isa = PBXNativeTarget;
			buildConfigurationList = 91CABD131E5D0BAB00585BA0 /* Build configuration list for PBXNativeTarget "FlickrSearchUITests" */;
			buildPhases = (
				91CABD001E5D0BAB00585BA0 /* Sources */,
				91CABD011E5D0BAB00585BA0 /* Frameworks */,
				91CABD021E5D0BAB00585BA0 /* Resources */,
			);
			buildRules = (
			);
			dependencies = (
				91CABD061E5D0BAB00585BA0 /* PBXTargetDependency */,
			);
			name = FlickrSearchUITests;
			productName = FlickrSearchUITests;
			productReference = 91CABD041E5D0BAB00585BA0 /* FlickrSearchUITests.xctest */;
			productType = "com.apple.product-type.bundle.ui-testing";
		};
/* End PBXNativeTarget section */

/* Begin PBXProject section */
		91CABCDD1E5D0BAB00585BA0 /* Project object */ = {
			isa = PBXProject;
			attributes = {
				LastSwiftUpdateCheck = 0820;
				LastUpgradeCheck = 0820;
				ORGANIZATIONNAME = "Marijan Vukcevich";
				TargetAttributes = {
					91CABCE41E5D0BAB00585BA0 = {
						CreatedOnToolsVersion = 8.2.1;
						DevelopmentTeam = XUTBTH856J;
						ProvisioningStyle = Automatic;
					};
					91CABCF81E5D0BAB00585BA0 = {
						CreatedOnToolsVersion = 8.2.1;
						DevelopmentTeam = XUTBTH856J;
						ProvisioningStyle = Automatic;
						TestTargetID = 91CABCE41E5D0BAB00585BA0;
					};
					91CABD031E5D0BAB00585BA0 = {
						CreatedOnToolsVersion = 8.2.1;
						DevelopmentTeam = XUTBTH856J;
						ProvisioningStyle = Automatic;
						TestTargetID = 91CABCE41E5D0BAB00585BA0;
					};
				};
			};
			buildConfigurationList = 91CABCE01E5D0BAB00585BA0 /* Build configuration list for PBXProject "FlickrSearch" */;
			compatibilityVersion = "Xcode 3.2";
			developmentRegion = English;
			hasScannedForEncodings = 0;
			knownRegions = (
				en,
				Base,
			);
			mainGroup = 91CABCDC1E5D0BAB00585BA0;
			productRefGroup = 91CABCE61E5D0BAB00585BA0 /* Products */;
			projectDirPath = "";
			projectRoot = "";
			targets = (
				91CABCE41E5D0BAB00585BA0 /* FlickrSearch */,
				91CABCF81E5D0BAB00585BA0 /* FlickrSearchTests */,
				91CABD031E5D0BAB00585BA0 /* FlickrSearchUITests */,
			);
		};
/* End PBXProject section */

/* Begin PBXResourcesBuildPhase section */
		91CABCE31E5D0BAB00585BA0 /* Resources */ = {
			isa = PBXResourcesBuildPhase;
			buildActionMask = 2147483647;
			files = (
				91CABCF31E5D0BAB00585BA0 /* LaunchScreen.storyboard in Resources */,
				91CABCF01E5D0BAB00585BA0 /* Assets.xcassets in Resources */,
				91CABCEE1E5D0BAB00585BA0 /* Main.storyboard in Resources */,
			);
			runOnlyForDeploymentPostprocessing = 0;
		};
		91CABCF71E5D0BAB00585BA0 /* Resources */ = {
			isa = PBXResourcesBuildPhase;
			buildActionMask = 2147483647;
			files = (
			);
			runOnlyForDeploymentPostprocessing = 0;
		};
		91CABD021E5D0BAB00585BA0 /* Resources */ = {
			isa = PBXResourcesBuildPhase;
			buildActionMask = 2147483647;
			files = (
			);
			runOnlyForDeploymentPostprocessing = 0;
		};
/* End PBXResourcesBuildPhase section */

/* Begin PBXSourcesBuildPhase section */
		91CABCE11E5D0BAB00585BA0 /* Sources */ = {
			isa = PBXSourcesBuildPhase;
			buildActionMask = 2147483647;
			files = (
				91CABCEB1E5D0BAB00585BA0 /* ViewController.swift in Sources */,
				91CABCE91E5D0BAB00585BA0 /* AppDelegate.swift in Sources */,
			);
			runOnlyForDeploymentPostprocessing = 0;
		};
		91CABCF51E5D0BAB00585BA0 /* Sources */ = {
			isa = PBXSourcesBuildPhase;
			buildActionMask = 2147483647;
			files = (
				91CABCFE1E5D0BAB00585BA0 /* FlickrSearchTests.swift in Sources */,
			);
			runOnlyForDeploymentPostprocessing = 0;
		};
		91CABD001E5D0BAB00585BA0 /* Sources */ = {
			isa = PBXSourcesBuildPhase;
			buildActionMask = 2147483647;
			files = (
				91CABD091E5D0BAB00585BA0 /* FlickrSearchUITests.swift in Sources */,
			);
			runOnlyForDeploymentPostprocessing = 0;
		};
/* End PBXSourcesBuildPhase section */

/* Begin PBXTargetDependency section */
		91CABCFB1E5D0BAB00585BA0 /* PBXTargetDependency */ = {
			isa = PBXTargetDependency;
			target = 91CABCE41E5D0BAB00585BA0 /* FlickrSearch */;
			targetProxy = 91CABCFA1E5D0BAB00585BA0 /* PBXContainerItemProxy */;
		};
		91CABD061E5D0BAB00585BA0 /* PBXTargetDependency */ = {
			isa = PBXTargetDependency;
			target = 91CABCE41E5D0BAB00585BA0 /* FlickrSearch */;
			targetProxy = 91CABD051E5D0BAB00585BA0 /* PBXContainerItemProxy */;
		};
/* End PBXTargetDependency section */

/* Begin PBXVariantGroup section */
		91CABCEC1E5D0BAB00585BA0 /* Main.storyboard */ = {
			isa = PBXVariantGroup;
			children = (
				91CABCED1E5D0BAB00585BA0 /* Base */,
			);
			name = Main.storyboard;
			sourceTree = "<group>";
		};
		91CABCF11E5D0BAB00585BA0 /* LaunchScreen.storyboard */ = {
			isa = PBXVariantGroup;
			children = (
				91CABCF21E5D0BAB00585BA0 /* Base */,
			);
			name = LaunchScreen.storyboard;
			sourceTree = "<group>";
		};
/* End PBXVariantGroup section */

/* Begin XCBuildConfiguration section */
		91CABD0B1E5D0BAB00585BA0 /* Debug */ = {
			isa = XCBuildConfiguration;
			buildSettings = {
				ALWAYS_SEARCH_USER_PATHS = NO;
				CLANG_ANALYZER_NONNULL = YES;
				CLANG_CXX_LANGUAGE_STANDARD = "gnu++0x";
				CLANG_CXX_LIBRARY = "libc++";
				CLANG_ENABLE_MODULES = YES;
				CLANG_ENABLE_OBJC_ARC = YES;
				CLANG_WARN_BOOL_CONVERSION = YES;
				CLANG_WARN_CONSTANT_CONVERSION = YES;
				CLANG_WARN_DIRECT_OBJC_ISA_USAGE = YES_ERROR;
				CLANG_WARN_DOCUMENTATION_COMMENTS = YES;
				CLANG_WARN_EMPTY_BODY = YES;
				CLANG_WARN_ENUM_CONVERSION = YES;
				CLANG_WARN_INFINITE_RECURSION = YES;
				CLANG_WARN_INT_CONVERSION = YES;
				CLANG_WARN_OBJC_ROOT_CLASS = YES_ERROR;
				CLANG_WARN_SUSPICIOUS_MOVE = YES;
				CLANG_WARN_UNREACHABLE_CODE = YES;
				CLANG_WARN__DUPLICATE_METHOD_MATCH = YES;
				"CODE_SIGN_IDENTITY[sdk=iphoneos*]" = "iPhone Developer";
				COPY_PHASE_STRIP = NO;
				DEBUG_INFORMATION_FORMAT = dwarf;
				ENABLE_STRICT_OBJC_MSGSEND = YES;
				ENABLE_TESTABILITY = YES;
				GCC_C_LANGUAGE_STANDARD = gnu99;
				GCC_DYNAMIC_NO_PIC = NO;
				GCC_NO_COMMON_BLOCKS = YES;
				GCC_OPTIMIZATION_LEVEL = 0;
				GCC_PREPROCESSOR_DEFINITIONS = (
					"DEBUG=1",
					"$(inherited)",
				);
				GCC_WARN_64_TO_32_BIT_CONVERSION = YES;
				GCC_WARN_ABOUT_RETURN_TYPE = YES_ERROR;
				GCC_WARN_UNDECLARED_SELECTOR = YES;
				GCC_WARN_UNINITIALIZED_AUTOS = YES_AGGRESSIVE;
				GCC_WARN_UNUSED_FUNCTION = YES;
				GCC_WARN_UNUSED_VARIABLE = YES;
				IPHONEOS_DEPLOYMENT_TARGET = 10.2;
				MTL_ENABLE_DEBUG_INFO = YES;
				ONLY_ACTIVE_ARCH = YES;
				SDKROOT = iphoneos;
				SWIFT_ACTIVE_COMPILATION_CONDITIONS = DEBUG;
				SWIFT_OPTIMIZATION_LEVEL = "-Onone";
				TARGETED_DEVICE_FAMILY = "1,2";
			};
			name = Debug;
		};
		91CABD0C1E5D0BAB00585BA0 /* Release */ = {
			isa = XCBuildConfiguration;
			buildSettings = {
				ALWAYS_SEARCH_USER_PATHS = NO;
				CLANG_ANALYZER_NONNULL = YES;
				CLANG_CXX_LANGUAGE_STANDARD = "gnu++0x";
				CLANG_CXX_LIBRARY = "libc++";
				CLANG_ENABLE_MODULES = YES;
				CLANG_ENABLE_OBJC_ARC = YES;
				CLANG_WARN_BOOL_CONVERSION = YES;
				CLANG_WARN_CONSTANT_CONVERSION = YES;
				CLANG_WARN_DIRECT_OBJC_ISA_USAGE = YES_ERROR;
				CLANG_WARN_DOCUMENTATION_COMMENTS = YES;
				CLANG_WARN_EMPTY_BODY = YES;
				CLANG_WARN_ENUM_CONVERSION = YES;
				CLANG_WARN_INFINITE_RECURSION = YES;
				CLANG_WARN_INT_CONVERSION = YES;
				CLANG_WARN_OBJC_ROOT_CLASS = YES_ERROR;
				CLANG_WARN_SUSPICIOUS_MOVE = YES;
				CLANG_WARN_UNREACHABLE_CODE = YES;
				CLANG_WARN__DUPLICATE_METHOD_MATCH = YES;
				"CODE_SIGN_IDENTITY[sdk=iphoneos*]" = "iPhone Developer";
				COPY_PHASE_STRIP = NO;
				DEBUG_INFORMATION_FORMAT = "dwarf-with-dsym";
				ENABLE_NS_ASSERTIONS = NO;
				ENABLE_STRICT_OBJC_MSGSEND = YES;
				GCC_C_LANGUAGE_STANDARD = gnu99;
				GCC_NO_COMMON_BLOCKS = YES;
				GCC_WARN_64_TO_32_BIT_CONVERSION = YES;
				GCC_WARN_ABOUT_RETURN_TYPE = YES_ERROR;
				GCC_WARN_UNDECLARED_SELECTOR = YES;
				GCC_WARN_UNINITIALIZED_AUTOS = YES_AGGRESSIVE;
				GCC_WARN_UNUSED_FUNCTION = YES;
				GCC_WARN_UNUSED_VARIABLE = YES;
				IPHONEOS_DEPLOYMENT_TARGET = 10.2;
				MTL_ENABLE_DEBUG_INFO = NO;
				SDKROOT = iphoneos;
				SWIFT_OPTIMIZATION_LEVEL = "-Owholemodule";
				TARGETED_DEVICE_FAMILY = "1,2";
				VALIDATE_PRODUCT = YES;
			};
			name = Release;
		};
		91CABD0E1E5D0BAB00585BA0 /* Debug */ = {
			isa = XCBuildConfiguration;
			buildSettings = {
				ASSETCATALOG_COMPILER_APPICON_NAME = AppIcon;
				DEVELOPMENT_TEAM = XUTBTH856J;
				INFOPLIST_FILE = FlickrSearch/Info.plist;
				LD_RUNPATH_SEARCH_PATHS = "$(inherited) @executable_path/Frameworks";
				PRODUCT_BUNDLE_IDENTIFIER = com.magtek.FlickrSearch;
				PRODUCT_NAME = "$(TARGET_NAME)";
				SWIFT_VERSION = 3.0;
			};
			name = Debug;
		};
		91CABD0F1E5D0BAB00585BA0 /* Release */ = {
			isa = XCBuildConfiguration;
			buildSettings = {
				ASSETCATALOG_COMPILER_APPICON_NAME = AppIcon;
				DEVELOPMENT_TEAM = XUTBTH856J;
				INFOPLIST_FILE = FlickrSearch/Info.plist;
				LD_RUNPATH_SEARCH_PATHS = "$(inherited) @executable_path/Frameworks";
				PRODUCT_BUNDLE_IDENTIFIER = com.magtek.FlickrSearch;
				PRODUCT_NAME = "$(TARGET_NAME)";
				SWIFT_VERSION = 3.0;
			};
			name = Release;
		};
		91CABD111E5D0BAB00585BA0 /* Debug */ = {
			isa = XCBuildConfiguration;
			buildSettings = {
				ALWAYS_EMBED_SWIFT_STANDARD_LIBRARIES = YES;
				BUNDLE_LOADER = "$(TEST_HOST)";
				DEVELOPMENT_TEAM = XUTBTH856J;
				INFOPLIST_FILE = FlickrSearchTests/Info.plist;
				LD_RUNPATH_SEARCH_PATHS = "$(inherited) @executable_path/Frameworks @loader_path/Frameworks";
				PRODUCT_BUNDLE_IDENTIFIER = com.magtek.FlickrSearchTests;
				PRODUCT_NAME = "$(TARGET_NAME)";
				SWIFT_VERSION = 3.0;
				TEST_HOST = "$(BUILT_PRODUCTS_DIR)/FlickrSearch.app/FlickrSearch";
			};
			name = Debug;
		};
		91CABD121E5D0BAB00585BA0 /* Release */ = {
			isa = XCBuildConfiguration;
			buildSettings = {
				ALWAYS_EMBED_SWIFT_STANDARD_LIBRARIES = YES;
				BUNDLE_LOADER = "$(TEST_HOST)";
				DEVELOPMENT_TEAM = XUTBTH856J;
				INFOPLIST_FILE = FlickrSearchTests/Info.plist;
				LD_RUNPATH_SEARCH_PATHS = "$(inherited) @executable_path/Frameworks @loader_path/Frameworks";
				PRODUCT_BUNDLE_IDENTIFIER = com.magtek.FlickrSearchTests;
				PRODUCT_NAME = "$(TARGET_NAME)";
				SWIFT_VERSION = 3.0;
				TEST_HOST = "$(BUILT_PRODUCTS_DIR)/FlickrSearch.app/FlickrSearch";
			};
			name = Release;
		};
		91CABD141E5D0BAB00585BA0 /* Debug */ = {
			isa = XCBuildConfiguration;
			buildSettings = {
				ALWAYS_EMBED_SWIFT_STANDARD_LIBRARIES = YES;
				DEVELOPMENT_TEAM = XUTBTH856J;
				INFOPLIST_FILE = FlickrSearchUITests/Info.plist;
				LD_RUNPATH_SEARCH_PATHS = "$(inherited) @executable_path/Frameworks @loader_path/Frameworks";
				PRODUCT_BUNDLE_IDENTIFIER = com.magtek.FlickrSearchUITests;
				PRODUCT_NAME = "$(TARGET_NAME)";
				SWIFT_VERSION = 3.0;
				TEST_TARGET_NAME = FlickrSearch;
			};
			name = Debug;
		};
		91CABD151E5D0BAB00585BA0 /* Release */ = {
			isa = XCBuildConfiguration;
			buildSettings = {
				ALWAYS_EMBED_SWIFT_STANDARD_LIBRARIES = YES;
				DEVELOPMENT_TEAM = XUTBTH856J;
				INFOPLIST_FILE = FlickrSearchUITests/Info.plist;
				LD_RUNPATH_SEARCH_PATHS = "$(inherited) @executable_path/Frameworks @loader_path/Frameworks";
				PRODUCT_BUNDLE_IDENTIFIER = com.magtek.FlickrSearchUITests;
				PRODUCT_NAME = "$(TARGET_NAME)";
				SWIFT_VERSION = 3.0;
				TEST_TARGET_NAME = FlickrSearch;
			};
			name = Release;
		};
/* End XCBuildConfiguration section */

/* Begin XCConfigurationList section */
		91CABCE01E5D0BAB00585BA0 /* Build configuration list for PBXProject "FlickrSearch" */ = {
			isa = XCConfigurationList;
			buildConfigurations = (
				91CABD0B1E5D0BAB00585BA0 /* Debug */,
				91CABD0C1E5D0BAB00585BA0 /* Release */,
			);
			defaultConfigurationIsVisible = 0;
			defaultConfigurationName = Release;
		};
		91CABD0D1E5D0BAB00585BA0 /* Build configuration list for PBXNativeTarget "FlickrSearch" */ = {
			isa = XCConfigurationList;
			buildConfigurations = (
				91CABD0E1E5D0BAB00585BA0 /* Debug */,
				91CABD0F1E5D0BAB00585BA0 /* Release */,
			);
			defaultConfigurationIsVisible = 0;
		};
		91CABD101E5D0BAB00585BA0 /* Build configuration list for PBXNativeTarget "FlickrSearchTests" */ = {
			isa = XCConfigurationList;
			buildConfigurations = (
				91CABD111E5D0BAB00585BA0 /* Debug */,
				91CABD121E5D0BAB00585BA0 /* Release */,
			);
			defaultConfigurationIsVisible = 0;
		};
		91CABD131E5D0BAB00585BA0 /* Build configuration list for PBXNativeTarget "FlickrSearchUITests" */ = {
			isa = XCConfigurationList;
			buildConfigurations = (
				91CABD141E5D0BAB00585BA0 /* Debug */,
				91CABD151E5D0BAB00585BA0 /* Release */,
			);
			defaultConfigurationIsVisible = 0;
		};
/* End XCConfigurationList section */
	};
	rootObject = 91CABCDD1E5D0BAB00585BA0 /* Project object */;
}
